
Microsoft Visual Studio Solution File, Format Version 12.00
# Visual Studio Version 17
VisualStudioVersion = 17.9.34723.18
MinimumVisualStudioVersion = 10.0.40219.1
Project("{FAE04EC0-301F-11D3-BF4B-00C04F79EFBC}") = "SRP", "SRP\SRP.csproj", "{05722A71-7118-44D7-B6FC-933D42B3C600}"
EndProject
Global
	GlobalSection(SolutionConfigurationPlatforms) = preSolution
		Debug|Any CPU = Debug|Any CPU
		Release|Any CPU = Release|Any CPU
	EndGlobalSection
	GlobalSection(ProjectConfigurationPlatforms) = postSolution
		{05722A71-7118-44D7-B6FC-933D42B3C600}.Debug|Any CPU.ActiveCfg = Debug|Any CPU
		{05722A71-7118-44D7-B6FC-933D42B3C600}.Debug|Any CPU.Build.0 = Debug|Any CPU
		{05722A71-7118-44D7-B6FC-933D42B3C600}.Release|Any CPU.ActiveCfg = Release|Any CPU
		{05722A71-7118-44D7-B6FC-933D42B3C600}.Release|Any CPU.Build.0 = Release|Any CPU
	EndGlobalSection
	GlobalSection(SolutionProperties) = preSolution
		HideSolutionNode = FALSE
	EndGlobalSection
	GlobalSection(ExtensibilityGlobals) = postSolution
		SolutionGuid = {21D3274E-D1A3-4E89-9FA0-94DD715CD6DB}
	EndGlobalSection
EndGlobal
